
Microsoft Visual Studio Solution File, Format Version 12.00
# Visual Studio Version 17
VisualStudioVersion = 17.5.002.0
MinimumVisualStudioVersion = 10.0.40219.1
Project("{9A19103F-16F7-4668-BE54-9A1E7A4F7556}") = "mobile_application", "mobile_application\mobile_application.csproj", "{B182F0A0-E2CB-4597-A867-0AC41C05039B}"
EndProject
Project("{FAE04EC0-301F-11D3-BF4B-00C04F79EFBC}") = "FileUploadApi", "FileUploadApi\FileUploadApi.csproj", "{7CC5399B-690F-4105-95AF-7E136307F03E}"
EndProject
Global
	GlobalSection(SolutionConfigurationPlatforms) = preSolution
		Debug|Any CPU = Debug|Any CPU
		Release|Any CPU = Release|Any CPU
	EndGlobalSection
	GlobalSection(ProjectConfigurationPlatforms) = postSolution
		{B182F0A0-E2CB-4597-A867-0AC41C05039B}.Debug|Any CPU.ActiveCfg = Debug|Any CPU
		{B182F0A0-E2CB-4597-A867-0AC41C05039B}.Debug|Any CPU.Build.0 = Debug|Any CPU
		{B182F0A0-E2CB-4597-A867-0AC41C05039B}.Release|Any CPU.ActiveCfg = Release|Any CPU
		{B182F0A0-E2CB-4597-A867-0AC41C05039B}.Release|Any CPU.Build.0 = Release|Any CPU
		{7CC5399B-690F-4105-95AF-7E136307F03E}.Debug|Any CPU.ActiveCfg = Debug|Any CPU
		{7CC5399B-690F-4105-95AF-7E136307F03E}.Debug|Any CPU.Build.0 = Debug|Any CPU
		{7CC5399B-690F-4105-95AF-7E136307F03E}.Release|Any CPU.ActiveCfg = Release|Any CPU
		{7CC5399B-690F-4105-95AF-7E136307F03E}.Release|Any CPU.Build.0 = Release|Any CPU
	EndGlobalSection
	GlobalSection(SolutionProperties) = preSolution
		HideSolutionNode = FALSE
	EndGlobalSection
	GlobalSection(ExtensibilityGlobals) = postSolution
		SolutionGuid = {02DA8D6C-4E90-4803-8E83-D922693728E9}
	EndGlobalSection
EndGlobal
