
Microsoft Visual Studio Solution File, Format Version 12.00
# Visual Studio Version 17
VisualStudioVersion = 17.5.002.0
MinimumVisualStudioVersion = 10.0.40219.1
Project("{9A19103F-16F7-4668-BE54-9A1E7A4F7556}") = "StepsPredictorApi", "StepsPredictorApi.csproj", "{80DFF3B8-5BEB-4EB4-9E93-0633C0B149B6}"
EndProject
Global
	GlobalSection(SolutionConfigurationPlatforms) = preSolution
		Debug|Any CPU = Debug|Any CPU
		Release|Any CPU = Release|Any CPU
	EndGlobalSection
	GlobalSection(ProjectConfigurationPlatforms) = postSolution
		{80DFF3B8-5BEB-4EB4-9E93-0633C0B149B6}.Debug|Any CPU.ActiveCfg = Debug|Any CPU
		{80DFF3B8-5BEB-4EB4-9E93-0633C0B149B6}.Debug|Any CPU.Build.0 = Debug|Any CPU
		{80DFF3B8-5BEB-4EB4-9E93-0633C0B149B6}.Release|Any CPU.ActiveCfg = Release|Any CPU
		{80DFF3B8-5BEB-4EB4-9E93-0633C0B149B6}.Release|Any CPU.Build.0 = Release|Any CPU
	EndGlobalSection
	GlobalSection(SolutionProperties) = preSolution
		HideSolutionNode = FALSE
	EndGlobalSection
	GlobalSection(ExtensibilityGlobals) = postSolution
		SolutionGuid = {23F89421-F12E-40E5-B85D-A5C84ECB739F}
	EndGlobalSection
EndGlobal
